// !$*UTF8*$!
{
	archiveVersion = 1;
	classes = {
	};
	objectVersion = 46;
	objects = {

/* Begin PBXBuildFile section */
		282606461B88FF27004B0717 /* AJSingleImageViewControllerTransition.swift in Sources */ = {isa = PBXBuildFile; fileRef = 282606451B88FF27004B0717 /* AJSingleImageViewControllerTransition.swift */; };
		28328DC51B88017800D8DF22 /* AppDelegate.swift in Sources */ = {isa = PBXBuildFile; fileRef = 28328DC41B88017800D8DF22 /* AppDelegate.swift */; };
		28328DC71B88017800D8DF22 /* AJImageViewController.swift in Sources */ = {isa = PBXBuildFile; fileRef = 28328DC61B88017800D8DF22 /* AJImageViewController.swift */; };
		28328DCA1B88017800D8DF22 /* Main.storyboard in Resources */ = {isa = PBXBuildFile; fileRef = 28328DC81B88017800D8DF22 /* Main.storyboard */; };
		28328DCC1B88017800D8DF22 /* Images.xcassets in Resources */ = {isa = PBXBuildFile; fileRef = 28328DCB1B88017800D8DF22 /* Images.xcassets */; };
		28328DCF1B88017800D8DF22 /* LaunchScreen.xib in Resources */ = {isa = PBXBuildFile; fileRef = 28328DCD1B88017800D8DF22 /* LaunchScreen.xib */; };
		28328DDB1B88017800D8DF22 /* AJImageViewControllerTests.swift in Sources */ = {isa = PBXBuildFile; fileRef = 28328DDA1B88017800D8DF22 /* AJImageViewControllerTests.swift */; };
		28921FE91B894AA700D60DC0 /* AJSingleImageViewController.swift in Sources */ = {isa = PBXBuildFile; fileRef = 28921FE81B894AA700D60DC0 /* AJSingleImageViewController.swift */; };
		28921FEE1B894F4F00D60DC0 /* AJSingleImageViewControllerType.swift in Sources */ = {isa = PBXBuildFile; fileRef = 28921FED1B894F4F00D60DC0 /* AJSingleImageViewControllerType.swift */; };
		28A70FD01B88BE4F00422F6D /* AJScrollView.swift in Sources */ = {isa = PBXBuildFile; fileRef = 28A70FCF1B88BE4F00422F6D /* AJScrollView.swift */; };
		28A70FD21B88D85000422F6D /* Enums.swift in Sources */ = {isa = PBXBuildFile; fileRef = 28A70FD11B88D85000422F6D /* Enums.swift */; };
		28A70FD41B88FD3F00422F6D /* MainViewController.swift in Sources */ = {isa = PBXBuildFile; fileRef = 28A70FD31B88FD3F00422F6D /* MainViewController.swift */; };
/* End PBXBuildFile section */

/* Begin PBXContainerItemProxy section */
		28328DD51B88017800D8DF22 /* PBXContainerItemProxy */ = {
			isa = PBXContainerItemProxy;
			containerPortal = 28328DB71B88017800D8DF22 /* Project object */;
			proxyType = 1;
			remoteGlobalIDString = 28328DBE1B88017800D8DF22;
			remoteInfo = AJImageViewController;
		};
/* End PBXContainerItemProxy section */

/* Begin PBXFileReference section */
		282606451B88FF27004B0717 /* AJSingleImageViewControllerTransition.swift */ = {isa = PBXFileReference; fileEncoding = 4; lastKnownFileType = sourcecode.swift; path = AJSingleImageViewControllerTransition.swift; sourceTree = "<group>"; };
		28328DBF1B88017800D8DF22 /* AJImageViewController.app */ = {isa = PBXFileReference; explicitFileType = wrapper.application; includeInIndex = 0; path = AJImageViewController.app; sourceTree = BUILT_PRODUCTS_DIR; };
		28328DC31B88017800D8DF22 /* Info.plist */ = {isa = PBXFileReference; lastKnownFileType = text.plist.xml; path = Info.plist; sourceTree = "<group>"; };
		28328DC41B88017800D8DF22 /* AppDelegate.swift */ = {isa = PBXFileReference; lastKnownFileType = sourcecode.swift; path = AppDelegate.swift; sourceTree = "<group>"; };
		28328DC61B88017800D8DF22 /* AJImageViewController.swift */ = {isa = PBXFileReference; lastKnownFileType = sourcecode.swift; path = AJImageViewController.swift; sourceTree = "<group>"; };
		28328DC91B88017800D8DF22 /* Base */ = {isa = PBXFileReference; lastKnownFileType = file.storyboard; name = Base; path = Base.lproj/Main.storyboard; sourceTree = "<group>"; };
		28328DCB1B88017800D8DF22 /* Images.xcassets */ = {isa = PBXFileReference; lastKnownFileType = folder.assetcatalog; path = Images.xcassets; sourceTree = "<group>"; };
		28328DCE1B88017800D8DF22 /* Base */ = {isa = PBXFileReference; lastKnownFileType = file.xib; name = Base; path = Base.lproj/LaunchScreen.xib; sourceTree = "<group>"; };
		28328DD41B88017800D8DF22 /* AJImageViewControllerTests.xctest */ = {isa = PBXFileReference; explicitFileType = wrapper.cfbundle; includeInIndex = 0; path = AJImageViewControllerTests.xctest; sourceTree = BUILT_PRODUCTS_DIR; };
		28328DD91B88017800D8DF22 /* Info.plist */ = {isa = PBXFileReference; lastKnownFileType = text.plist.xml; path = Info.plist; sourceTree = "<group>"; };
		28328DDA1B88017800D8DF22 /* AJImageViewControllerTests.swift */ = {isa = PBXFileReference; lastKnownFileType = sourcecode.swift; path = AJImageViewControllerTests.swift; sourceTree = "<group>"; };
		28921FE81B894AA700D60DC0 /* AJSingleImageViewController.swift */ = {isa = PBXFileReference; fileEncoding = 4; lastKnownFileType = sourcecode.swift; path = AJSingleImageViewController.swift; sourceTree = "<group>"; };
		28921FED1B894F4F00D60DC0 /* AJSingleImageViewControllerType.swift */ = {isa = PBXFileReference; fileEncoding = 4; lastKnownFileType = sourcecode.swift; path = AJSingleImageViewControllerType.swift; sourceTree = "<group>"; };
		28A70FCF1B88BE4F00422F6D /* AJScrollView.swift */ = {isa = PBXFileReference; fileEncoding = 4; lastKnownFileType = sourcecode.swift; path = AJScrollView.swift; sourceTree = "<group>"; };
		28A70FD11B88D85000422F6D /* Enums.swift */ = {isa = PBXFileReference; fileEncoding = 4; lastKnownFileType = sourcecode.swift; path = Enums.swift; sourceTree = "<group>"; };
		28A70FD31B88FD3F00422F6D /* MainViewController.swift */ = {isa = PBXFileReference; fileEncoding = 4; lastKnownFileType = sourcecode.swift; path = MainViewController.swift; sourceTree = "<group>"; };
/* End PBXFileReference section */

/* Begin PBXFrameworksBuildPhase section */
		28328DBC1B88017800D8DF22 /* Frameworks */ = {
			isa = PBXFrameworksBuildPhase;
			buildActionMask = 2147483647;
			files = (
			);
			runOnlyForDeploymentPostprocessing = 0;
		};
		28328DD11B88017800D8DF22 /* Frameworks */ = {
			isa = PBXFrameworksBuildPhase;
			buildActionMask = 2147483647;
			files = (
			);
			runOnlyForDeploymentPostprocessing = 0;
		};
/* End PBXFrameworksBuildPhase section */

/* Begin PBXGroup section */
		28328DB61B88017800D8DF22 = {
			isa = PBXGroup;
			children = (
				28328DC11B88017800D8DF22 /* AJImageViewController */,
				28328DD71B88017800D8DF22 /* AJImageViewControllerTests */,
				28328DC01B88017800D8DF22 /* Products */,
			);
			sourceTree = "<group>";
		};
		28328DC01B88017800D8DF22 /* Products */ = {
			isa = PBXGroup;
			children = (
				28328DBF1B88017800D8DF22 /* AJImageViewController.app */,
				28328DD41B88017800D8DF22 /* AJImageViewControllerTests.xctest */,
			);
			name = Products;
			sourceTree = "<group>";
		};
		28328DC11B88017800D8DF22 /* AJImageViewController */ = {
			isa = PBXGroup;
			children = (
				28921FEC1B894DE100D60DC0 /* AJImageViewController */,
				28921FEA1B894D8A00D60DC0 /* AJSingleImageViewController */,
				28328DC41B88017800D8DF22 /* AppDelegate.swift */,
				28328DC81B88017800D8DF22 /* Main.storyboard */,
				28328DCB1B88017800D8DF22 /* Images.xcassets */,
				28328DCD1B88017800D8DF22 /* LaunchScreen.xib */,
				28328DC21B88017800D8DF22 /* Supporting Files */,
				28A70FD31B88FD3F00422F6D /* MainViewController.swift */,
			);
			path = AJImageViewController;
			sourceTree = "<group>";
		};
		28328DC21B88017800D8DF22 /* Supporting Files */ = {
			isa = PBXGroup;
			children = (
				28328DC31B88017800D8DF22 /* Info.plist */,
			);
			name = "Supporting Files";
			sourceTree = "<group>";
		};
		28328DD71B88017800D8DF22 /* AJImageViewControllerTests */ = {
			isa = PBXGroup;
			children = (
				28328DDA1B88017800D8DF22 /* AJImageViewControllerTests.swift */,
				28328DD81B88017800D8DF22 /* Supporting Files */,
			);
			path = AJImageViewControllerTests;
			sourceTree = "<group>";
		};
		28328DD81B88017800D8DF22 /* Supporting Files */ = {
			isa = PBXGroup;
			children = (
				28328DD91B88017800D8DF22 /* Info.plist */,
			);
			name = "Supporting Files";
			sourceTree = "<group>";
		};
		28921FEA1B894D8A00D60DC0 /* AJSingleImageViewController */ = {
			isa = PBXGroup;
			children = (
				28921FE81B894AA700D60DC0 /* AJSingleImageViewController.swift */,
				282606451B88FF27004B0717 /* AJSingleImageViewControllerTransition.swift */,
				28921FED1B894F4F00D60DC0 /* AJSingleImageViewControllerType.swift */,
			);
			name = AJSingleImageViewController;
			sourceTree = "<group>";
		};
		28921FEC1B894DE100D60DC0 /* AJImageViewController */ = {
			isa = PBXGroup;
			children = (
				28328DC61B88017800D8DF22 /* AJImageViewController.swift */,
				28A70FCF1B88BE4F00422F6D /* AJScrollView.swift */,
				28A70FD11B88D85000422F6D /* Enums.swift */,
			);
			name = AJImageViewController;
			sourceTree = "<group>";
		};
/* End PBXGroup section */

/* Begin PBXNativeTarget section */
		28328DBE1B88017800D8DF22 /* AJImageViewController */ = {
			isa = PBXNativeTarget;
			buildConfigurationList = 28328DDE1B88017800D8DF22 /* Build configuration list for PBXNativeTarget "AJImageViewController" */;
			buildPhases = (
				28328DBB1B88017800D8DF22 /* Sources */,
				28328DBC1B88017800D8DF22 /* Frameworks */,
				28328DBD1B88017800D8DF22 /* Resources */,
			);
			buildRules = (
			);
			dependencies = (
			);
			name = AJImageViewController;
			productName = AJImageViewController;
			productReference = 28328DBF1B88017800D8DF22 /* AJImageViewController.app */;
			productType = "com.apple.product-type.application";
		};
		28328DD31B88017800D8DF22 /* AJImageViewControllerTests */ = {
			isa = PBXNativeTarget;
			buildConfigurationList = 28328DE11B88017800D8DF22 /* Build configuration list for PBXNativeTarget "AJImageViewControllerTests" */;
			buildPhases = (
				28328DD01B88017800D8DF22 /* Sources */,
				28328DD11B88017800D8DF22 /* Frameworks */,
				28328DD21B88017800D8DF22 /* Resources */,
			);
			buildRules = (
			);
			dependencies = (
				28328DD61B88017800D8DF22 /* PBXTargetDependency */,
			);
			name = AJImageViewControllerTests;
			productName = AJImageViewControllerTests;
			productReference = 28328DD41B88017800D8DF22 /* AJImageViewControllerTests.xctest */;
			productType = "com.apple.product-type.bundle.unit-test";
		};
/* End PBXNativeTarget section */

/* Begin PBXProject section */
		28328DB71B88017800D8DF22 /* Project object */ = {
			isa = PBXProject;
			attributes = {
				LastUpgradeCheck = 0640;
				ORGANIZATIONNAME = AJWorks;
				TargetAttributes = {
					28328DBE1B88017800D8DF22 = {
						CreatedOnToolsVersion = 6.4;
					};
					28328DD31B88017800D8DF22 = {
						CreatedOnToolsVersion = 6.4;
						TestTargetID = 28328DBE1B88017800D8DF22;
					};
				};
			};
			buildConfigurationList = 28328DBA1B88017800D8DF22 /* Build configuration list for PBXProject "AJImageViewController" */;
			compatibilityVersion = "Xcode 3.2";
			developmentRegion = English;
			hasScannedForEncodings = 0;
			knownRegions = (
				en,
				Base,
			);
			mainGroup = 28328DB61B88017800D8DF22;
			productRefGroup = 28328DC01B88017800D8DF22 /* Products */;
			projectDirPath = "";
			projectRoot = "";
			targets = (
				28328DBE1B88017800D8DF22 /* AJImageViewController */,
				28328DD31B88017800D8DF22 /* AJImageViewControllerTests */,
			);
		};
/* End PBXProject section */

/* Begin PBXResourcesBuildPhase section */
		28328DBD1B88017800D8DF22 /* Resources */ = {
			isa = PBXResourcesBuildPhase;
			buildActionMask = 2147483647;
			files = (
				28328DCA1B88017800D8DF22 /* Main.storyboard in Resources */,
				28328DCF1B88017800D8DF22 /* LaunchScreen.xib in Resources */,
				28328DCC1B88017800D8DF22 /* Images.xcassets in Resources */,
			);
			runOnlyForDeploymentPostprocessing = 0;
		};
		28328DD21B88017800D8DF22 /* Resources */ = {
			isa = PBXResourcesBuildPhase;
			buildActionMask = 2147483647;
			files = (
			);
			runOnlyForDeploymentPostprocessing = 0;
		};
/* End PBXResourcesBuildPhase section */

/* Begin PBXSourcesBuildPhase section */
		28328DBB1B88017800D8DF22 /* Sources */ = {
			isa = PBXSourcesBuildPhase;
			buildActionMask = 2147483647;
			files = (
				28921FEE1B894F4F00D60DC0 /* AJSingleImageViewControllerType.swift in Sources */,
				28328DC71B88017800D8DF22 /* AJImageViewController.swift in Sources */,
				28921FE91B894AA700D60DC0 /* AJSingleImageViewController.swift in Sources */,
				28328DC51B88017800D8DF22 /* AppDelegate.swift in Sources */,
				282606461B88FF27004B0717 /* AJSingleImageViewControllerTransition.swift in Sources */,
				28A70FD21B88D85000422F6D /* Enums.swift in Sources */,
				28A70FD01B88BE4F00422F6D /* AJScrollView.swift in Sources */,
				28A70FD41B88FD3F00422F6D /* MainViewController.swift in Sources */,
			);
			runOnlyForDeploymentPostprocessing = 0;
		};
		28328DD01B88017800D8DF22 /* Sources */ = {
			isa = PBXSourcesBuildPhase;
			buildActionMask = 2147483647;
			files = (
				28328DDB1B88017800D8DF22 /* AJImageViewControllerTests.swift in Sources */,
			);
			runOnlyForDeploymentPostprocessing = 0;
		};
/* End PBXSourcesBuildPhase section */

/* Begin PBXTargetDependency section */
		28328DD61B88017800D8DF22 /* PBXTargetDependency */ = {
			isa = PBXTargetDependency;
			target = 28328DBE1B88017800D8DF22 /* AJImageViewController */;
			targetProxy = 28328DD51B88017800D8DF22 /* PBXContainerItemProxy */;
		};
/* End PBXTargetDependency section */

/* Begin PBXVariantGroup section */
		28328DC81B88017800D8DF22 /* Main.storyboard */ = {
			isa = PBXVariantGroup;
			children = (
				28328DC91B88017800D8DF22 /* Base */,
			);
			name = Main.storyboard;
			sourceTree = "<group>";
		};
		28328DCD1B88017800D8DF22 /* LaunchScreen.xib */ = {
			isa = PBXVariantGroup;
			children = (
				28328DCE1B88017800D8DF22 /* Base */,
			);
			name = LaunchScreen.xib;
			sourceTree = "<group>";
		};
/* End PBXVariantGroup section */

/* Begin XCBuildConfiguration section */
		28328DDC1B88017800D8DF22 /* Debug */ = {
			isa = XCBuildConfiguration;
			buildSettings = {
				ALWAYS_SEARCH_USER_PATHS = NO;
				CLANG_CXX_LANGUAGE_STANDARD = "gnu++0x";
				CLANG_CXX_LIBRARY = "libc++";
				CLANG_ENABLE_MODULES = YES;
				CLANG_ENABLE_OBJC_ARC = YES;
				CLANG_WARN_BOOL_CONVERSION = YES;
				CLANG_WARN_CONSTANT_CONVERSION = YES;
				CLANG_WARN_DIRECT_OBJC_ISA_USAGE = YES_ERROR;
				CLANG_WARN_EMPTY_BODY = YES;
				CLANG_WARN_ENUM_CONVERSION = YES;
				CLANG_WARN_INT_CONVERSION = YES;
				CLANG_WARN_OBJC_ROOT_CLASS = YES_ERROR;
				CLANG_WARN_UNREACHABLE_CODE = YES;
				CLANG_WARN__DUPLICATE_METHOD_MATCH = YES;
				"CODE_SIGN_IDENTITY[sdk=iphoneos*]" = "iPhone Developer";
				COPY_PHASE_STRIP = NO;
				DEBUG_INFORMATION_FORMAT = "dwarf-with-dsym";
				ENABLE_STRICT_OBJC_MSGSEND = YES;
				GCC_C_LANGUAGE_STANDARD = gnu99;
				GCC_DYNAMIC_NO_PIC = NO;
				GCC_NO_COMMON_BLOCKS = YES;
				GCC_OPTIMIZATION_LEVEL = 0;
				GCC_PREPROCESSOR_DEFINITIONS = (
					"DEBUG=1",
					"$(inherited)",
				);
				GCC_SYMBOLS_PRIVATE_EXTERN = NO;
				GCC_WARN_64_TO_32_BIT_CONVERSION = YES;
				GCC_WARN_ABOUT_RETURN_TYPE = YES_ERROR;
				GCC_WARN_UNDECLARED_SELECTOR = YES;
				GCC_WARN_UNINITIALIZED_AUTOS = YES_AGGRESSIVE;
				GCC_WARN_UNUSED_FUNCTION = YES;
				GCC_WARN_UNUSED_VARIABLE = YES;
				IPHONEOS_DEPLOYMENT_TARGET = 8.4;
				MTL_ENABLE_DEBUG_INFO = YES;
				ONLY_ACTIVE_ARCH = YES;
				SDKROOT = iphoneos;
				SWIFT_OPTIMIZATION_LEVEL = "-Onone";
			};
			name = Debug;
		};
		28328DDD1B88017800D8DF22 /* Release */ = {
			isa = XCBuildConfiguration;
			buildSettings = {
				ALWAYS_SEARCH_USER_PATHS = NO;
				CLANG_CXX_LANGUAGE_STANDARD = "gnu++0x";
				CLANG_CXX_LIBRARY = "libc++";
				CLANG_ENABLE_MODULES = YES;
				CLANG_ENABLE_OBJC_ARC = YES;
				CLANG_WARN_BOOL_CONVERSION = YES;
				CLANG_WARN_CONSTANT_CONVERSION = YES;
				CLANG_WARN_DIRECT_OBJC_ISA_USAGE = YES_ERROR;
				CLANG_WARN_EMPTY_BODY = YES;
				CLANG_WARN_ENUM_CONVERSION = YES;
				CLANG_WARN_INT_CONVERSION = YES;
				CLANG_WARN_OBJC_ROOT_CLASS = YES_ERROR;
				CLANG_WARN_UNREACHABLE_CODE = YES;
				CLANG_WARN__DUPLICATE_METHOD_MATCH = YES;
				"CODE_SIGN_IDENTITY[sdk=iphoneos*]" = "iPhone Developer";
				COPY_PHASE_STRIP = NO;
				DEBUG_INFORMATION_FORMAT = "dwarf-with-dsym";
				ENABLE_NS_ASSERTIONS = NO;
				ENABLE_STRICT_OBJC_MSGSEND = YES;
				GCC_C_LANGUAGE_STANDARD = gnu99;
				GCC_NO_COMMON_BLOCKS = YES;
				GCC_WARN_64_TO_32_BIT_CONVERSION = YES;
				GCC_WARN_ABOUT_RETURN_TYPE = YES_ERROR;
				GCC_WARN_UNDECLARED_SELECTOR = YES;
				GCC_WARN_UNINITIALIZED_AUTOS = YES_AGGRESSIVE;
				GCC_WARN_UNUSED_FUNCTION = YES;
				GCC_WARN_UNUSED_VARIABLE = YES;
				IPHONEOS_DEPLOYMENT_TARGET = 8.4;
				MTL_ENABLE_DEBUG_INFO = NO;
				SDKROOT = iphoneos;
				VALIDATE_PRODUCT = YES;
			};
			name = Release;
		};
		28328DDF1B88017800D8DF22 /* Debug */ = {
			isa = XCBuildConfiguration;
			buildSettings = {
				ASSETCATALOG_COMPILER_APPICON_NAME = AppIcon;
				INFOPLIST_FILE = AJImageViewController/Info.plist;
				LD_RUNPATH_SEARCH_PATHS = "$(inherited) @executable_path/Frameworks";
				PRODUCT_NAME = "$(TARGET_NAME)";
			};
			name = Debug;
		};
		28328DE01B88017800D8DF22 /* Release */ = {
			isa = XCBuildConfiguration;
			buildSettings = {
				ASSETCATALOG_COMPILER_APPICON_NAME = AppIcon;
				INFOPLIST_FILE = AJImageViewController/Info.plist;
				LD_RUNPATH_SEARCH_PATHS = "$(inherited) @executable_path/Frameworks";
				PRODUCT_NAME = "$(TARGET_NAME)";
			};
			name = Release;
		};
		28328DE21B88017800D8DF22 /* Debug */ = {
			isa = XCBuildConfiguration;
			buildSettings = {
				BUNDLE_LOADER = "$(TEST_HOST)";
				FRAMEWORK_SEARCH_PATHS = (
					"$(SDKROOT)/Developer/Library/Frameworks",
					"$(inherited)",
				);
				GCC_PREPROCESSOR_DEFINITIONS = (
					"DEBUG=1",
					"$(inherited)",
				);
				INFOPLIST_FILE = AJImageViewControllerTests/Info.plist;
				LD_RUNPATH_SEARCH_PATHS = "$(inherited) @executable_path/Frameworks @loader_path/Frameworks";
				PRODUCT_NAME = "$(TARGET_NAME)";
				TEST_HOST = "$(BUILT_PRODUCTS_DIR)/AJImageViewController.app/AJImageViewController";
			};
			name = Debug;
		};
		28328DE31B88017800D8DF22 /* Release */ = {
			isa = XCBuildConfiguration;
			buildSettings = {
				BUNDLE_LOADER = "$(TEST_HOST)";
				FRAMEWORK_SEARCH_PATHS = (
					"$(SDKROOT)/Developer/Library/Frameworks",
					"$(inherited)",
				);
				INFOPLIST_FILE = AJImageViewControllerTests/Info.plist;
				LD_RUNPATH_SEARCH_PATHS = "$(inherited) @executable_path/Frameworks @loader_path/Frameworks";
				PRODUCT_NAME = "$(TARGET_NAME)";
				TEST_HOST = "$(BUILT_PRODUCTS_DIR)/AJImageViewController.app/AJImageViewController";
			};
			name = Release;
		};
/* End XCBuildConfiguration section */

/* Begin XCConfigurationList section */
		28328DBA1B88017800D8DF22 /* Build configuration list for PBXProject "AJImageViewController" */ = {
			isa = XCConfigurationList;
			buildConfigurations = (
				28328DDC1B88017800D8DF22 /* Debug */,
				28328DDD1B88017800D8DF22 /* Release */,
			);
			defaultConfigurationIsVisible = 0;
			defaultConfigurationName = Release;
		};
		28328DDE1B88017800D8DF22 /* Build configuration list for PBXNativeTarget "AJImageViewController" */ = {
			isa = XCConfigurationList;
			buildConfigurations = (
				28328DDF1B88017800D8DF22 /* Debug */,
				28328DE01B88017800D8DF22 /* Release */,
			);
			defaultConfigurationIsVisible = 0;
			defaultConfigurationName = Release;
		};
		28328DE11B88017800D8DF22 /* Build configuration list for PBXNativeTarget "AJImageViewControllerTests" */ = {
			isa = XCConfigurationList;
			buildConfigurations = (
				28328DE21B88017800D8DF22 /* Debug */,
				28328DE31B88017800D8DF22 /* Release */,
			);
			defaultConfigurationIsVisible = 0;
			defaultConfigurationName = Release;
		};
/* End XCConfigurationList section */
	};
	rootObject = 28328DB71B88017800D8DF22 /* Project object */;
}
